
Microsoft Visual Studio Solution File, Format Version 12.00
# Visual Studio Version 16
VisualStudioVersion = 16.0.29424.173
MinimumVisualStudioVersion = 10.0.40219.1
Project("{FAE04EC0-301F-11D3-BF4B-00C04F79EFBC}") = "WebHook.Entities", "WebHook.Entities\WebHook.Entities.csproj", "{FCF6D602-E371-4401-B62C-E3676EB80718}"
EndProject
Project("{FAE04EC0-301F-11D3-BF4B-00C04F79EFBC}") = "WebHook.Utility", "WebHook.Utility\WebHook.Utility.csproj", "{624F8BC2-1DC8-4AE0-B635-6159A64404A4}"
EndProject
Project("{FAE04EC0-301F-11D3-BF4B-00C04F79EFBC}") = "WebHook", "WebHook\WebHook.csproj", "{8B814079-F8F3-43A2-81C6-840D1007C720}"
EndProject
Global
	GlobalSection(SolutionConfigurationPlatforms) = preSolution
		Debug|Any CPU = Debug|Any CPU
		Release|Any CPU = Release|Any CPU
	EndGlobalSection
	GlobalSection(ProjectConfigurationPlatforms) = postSolution
		{FCF6D602-E371-4401-B62C-E3676EB80718}.Debug|Any CPU.ActiveCfg = Debug|Any CPU
		{FCF6D602-E371-4401-B62C-E3676EB80718}.Debug|Any CPU.Build.0 = Debug|Any CPU
		{FCF6D602-E371-4401-B62C-E3676EB80718}.Release|Any CPU.ActiveCfg = Release|Any CPU
		{FCF6D602-E371-4401-B62C-E3676EB80718}.Release|Any CPU.Build.0 = Release|Any CPU
		{624F8BC2-1DC8-4AE0-B635-6159A64404A4}.Debug|Any CPU.ActiveCfg = Debug|Any CPU
		{624F8BC2-1DC8-4AE0-B635-6159A64404A4}.Debug|Any CPU.Build.0 = Debug|Any CPU
		{624F8BC2-1DC8-4AE0-B635-6159A64404A4}.Release|Any CPU.ActiveCfg = Release|Any CPU
		{624F8BC2-1DC8-4AE0-B635-6159A64404A4}.Release|Any CPU.Build.0 = Release|Any CPU
		{8B814079-F8F3-43A2-81C6-840D1007C720}.Debug|Any CPU.ActiveCfg = Debug|Any CPU
		{8B814079-F8F3-43A2-81C6-840D1007C720}.Debug|Any CPU.Build.0 = Debug|Any CPU
		{8B814079-F8F3-43A2-81C6-840D1007C720}.Release|Any CPU.ActiveCfg = Release|Any CPU
		{8B814079-F8F3-43A2-81C6-840D1007C720}.Release|Any CPU.Build.0 = Release|Any CPU
	EndGlobalSection
	GlobalSection(SolutionProperties) = preSolution
		HideSolutionNode = FALSE
	EndGlobalSection
	GlobalSection(ExtensibilityGlobals) = postSolution
		SolutionGuid = {6D8D02D8-8025-478B-A51F-F02C04A05FBF}
	EndGlobalSection
EndGlobal
